
Microsoft Visual Studio Solution File, Format Version 12.00
# Visual Studio Version 17
VisualStudioVersion = 17.0.31903.59
MinimumVisualStudioVersion = 10.0.40219.1
Project("{FAE04EC0-301F-11D3-BF4B-00C04F79EFBC}") = "Advent.Utils", "Advent.Utils\Advent.Utils.csproj", "{ACE1B9B2-B39B-4411-817E-384BC514509A}"
EndProject
Project("{FAE04EC0-301F-11D3-BF4B-00C04F79EFBC}") = "Day1", "Day1\Day1.csproj", "{5776B2BA-7378-418F-9213-094DEABAFD6A}"
EndProject
Global
	GlobalSection(SolutionConfigurationPlatforms) = preSolution
		Debug|Any CPU = Debug|Any CPU
		Release|Any CPU = Release|Any CPU
	EndGlobalSection
	GlobalSection(SolutionProperties) = preSolution
		HideSolutionNode = FALSE
	EndGlobalSection
	GlobalSection(ProjectConfigurationPlatforms) = postSolution
		{ACE1B9B2-B39B-4411-817E-384BC514509A}.Debug|Any CPU.ActiveCfg = Debug|Any CPU
		{ACE1B9B2-B39B-4411-817E-384BC514509A}.Debug|Any CPU.Build.0 = Debug|Any CPU
		{ACE1B9B2-B39B-4411-817E-384BC514509A}.Release|Any CPU.ActiveCfg = Release|Any CPU
		{ACE1B9B2-B39B-4411-817E-384BC514509A}.Release|Any CPU.Build.0 = Release|Any CPU
		{5776B2BA-7378-418F-9213-094DEABAFD6A}.Debug|Any CPU.ActiveCfg = Debug|Any CPU
		{5776B2BA-7378-418F-9213-094DEABAFD6A}.Debug|Any CPU.Build.0 = Debug|Any CPU
		{5776B2BA-7378-418F-9213-094DEABAFD6A}.Release|Any CPU.ActiveCfg = Release|Any CPU
		{5776B2BA-7378-418F-9213-094DEABAFD6A}.Release|Any CPU.Build.0 = Release|Any CPU
	EndGlobalSection
EndGlobal
